{
  "lockfileVersion": 1,
  "workspaces": {
    "": {
      "name": "ror2-items",
      "dependencies": {
        "@tailwindcss/vite": "^4.1.17",
        "vue": "^3.5.24",
      },
      "devDependencies": {
        "@vitejs/plugin-vue": "^6.0.1",
        "@vue/compiler-sfc": "^3.5.24",
        "jsdom": "^27.1.0",
        "tailwindcss": "^4.1.17",
        "typescript": "^5.9.3",
        "vite": "^7.2.2",
        "vitest": "^4.0.8",
      },
    },
  },
  "packages": {
    "@acemir/cssom": ["@acemir/cssom@0.9.23", "", {}, "sha512-2kJ1HxBKzPLbmhZpxBiTZggjtgCwKg1ma5RHShxvd6zgqhDEdEkzpiwe7jLkI2p2BrZvFCXIihdoMkl1H39VnA=="],

    "@asamuzakjp/css-color": ["@asamuzakjp/css-color@4.0.5", "", { "dependencies": { "@csstools/css-calc": "^2.1.4", "@csstools/css-color-parser": "^3.1.0", "@csstools/css-parser-algorithms": "^3.0.5", "@csstools/css-tokenizer": "^3.0.4", "lru-cache": "^11.2.1" } }, "sha512-lMrXidNhPGsDjytDy11Vwlb6OIGrT3CmLg3VWNFyWkLWtijKl7xjvForlh8vuj0SHGjgl4qZEQzUmYTeQA2JFQ=="],

    "@asamuzakjp/dom-selector": ["@asamuzakjp/dom-selector@6.7.4", "", { "dependencies": { "@asamuzakjp/nwsapi": "^2.3.9", "bidi-js": "^1.0.3", "css-tree": "^3.1.0", "is-potential-custom-element-name": "^1.0.1", "lru-cache": "^11.2.2" } }, "sha512-buQDjkm+wDPXd6c13534URWZqbz0RP5PAhXZ+LIoa5LgwInT9HVJvGIJivg75vi8I13CxDGdTnz+aY5YUJlIAA=="],

    "@asamuzakjp/nwsapi": ["@asamuzakjp/nwsapi@2.3.9", "", {}, "sha512-n8GuYSrI9bF7FFZ/SjhwevlHc8xaVlb/7HmHelnc/PZXBD2ZR49NnN9sMMuDdEGPeeRQ5d0hqlSlEpgCX3Wl0Q=="],

    "@babel/helper-string-parser": ["@babel/helper-string-parser@7.27.1", "", {}, "sha512-qMlSxKbpRlAridDExk92nSobyDdpPijUq2DW6oDnUqd0iOGxmQjyqhMIihI9+zv4LPyZdRje2cavWPbCbWm3eA=="],

    "@babel/helper-validator-identifier": ["@babel/helper-validator-identifier@7.28.5", "", {}, "sha512-qSs4ifwzKJSV39ucNjsvc6WVHs6b7S03sOh2OcHF9UHfVPqWWALUsNUVzhSBiItjRZoLHx7nIarVjqKVusUZ1Q=="],

    "@babel/parser": ["@babel/parser@7.28.5", "", { "dependencies": { "@babel/types": "^7.28.5" }, "bin": "./bin/babel-parser.js" }, "sha512-KKBU1VGYR7ORr3At5HAtUQ+TV3SzRCXmA/8OdDZiLDBIZxVyzXuztPjfLd3BV1PRAQGCMWWSHYhL0F8d5uHBDQ=="],

    "@babel/types": ["@babel/types@7.28.5", "", { "dependencies": { "@babel/helper-string-parser": "^7.27.1", "@babel/helper-validator-identifier": "^7.28.5" } }, "sha512-qQ5m48eI/MFLQ5PxQj4PFaprjyCTLI37ElWMmNs0K8Lk3dVeOdNpB3ks8jc7yM5CDmVC73eMVk/trk3fgmrUpA=="],

    "@csstools/color-helpers": ["@csstools/color-helpers@5.1.0", "", {}, "sha512-S11EXWJyy0Mz5SYvRmY8nJYTFFd1LCNV+7cXyAgQtOOuzb4EsgfqDufL+9esx72/eLhsRdGZwaldu/h+E4t4BA=="],

    "@csstools/css-calc": ["@csstools/css-calc@2.1.4", "", { "peerDependencies": { "@csstools/css-parser-algorithms": "^3.0.5", "@csstools/css-tokenizer": "^3.0.4" } }, "sha512-3N8oaj+0juUw/1H3YwmDDJXCgTB1gKU6Hc/bB502u9zR0q2vd786XJH9QfrKIEgFlZmhZiq6epXl4rHqhzsIgQ=="],

    "@csstools/css-color-parser": ["@csstools/css-color-parser@3.1.0", "", { "dependencies": { "@csstools/color-helpers": "^5.1.0", "@csstools/css-calc": "^2.1.4" }, "peerDependencies": { "@csstools/css-parser-algorithms": "^3.0.5", "@csstools/css-tokenizer": "^3.0.4" } }, "sha512-nbtKwh3a6xNVIp/VRuXV64yTKnb1IjTAEEh3irzS+HkKjAOYLTGNb9pmVNntZ8iVBHcWDA2Dof0QtPgFI1BaTA=="],

    "@csstools/css-parser-algorithms": ["@csstools/css-parser-algorithms@3.0.5", "", { "peerDependencies": { "@csstools/css-tokenizer": "^3.0.4" } }, "sha512-DaDeUkXZKjdGhgYaHNJTV9pV7Y9B3b644jCLs9Upc3VeNGg6LWARAT6O+Q+/COo+2gg/bM5rhpMAtf70WqfBdQ=="],

    "@csstools/css-syntax-patches-for-csstree": ["@csstools/css-syntax-patches-for-csstree@1.0.15", "", {}, "sha512-q0p6zkVq2lJnmzZVPR33doA51G7YOja+FBvRdp5ISIthL0MtFCgYHHhR563z9WFGxcOn0WfjSkPDJ5Qig3H3Sw=="],

    "@csstools/css-tokenizer": ["@csstools/css-tokenizer@3.0.4", "", {}, "sha512-Vd/9EVDiu6PPJt9yAh6roZP6El1xHrdvIVGjyBsHR0RYwNHgL7FJPyIIW4fANJNG6FtyZfvlRPpFI4ZM/lubvw=="],

    "@esbuild/aix-ppc64": ["@esbuild/aix-ppc64@0.25.12", "", { "os": "aix", "cpu": "ppc64" }, "sha512-Hhmwd6CInZ3dwpuGTF8fJG6yoWmsToE+vYgD4nytZVxcu1ulHpUQRAB1UJ8+N1Am3Mz4+xOByoQoSZf4D+CpkA=="],

    "@esbuild/android-arm": ["@esbuild/android-arm@0.25.12", "", { "os": "android", "cpu": "arm" }, "sha512-VJ+sKvNA/GE7Ccacc9Cha7bpS8nyzVv0jdVgwNDaR4gDMC/2TTRc33Ip8qrNYUcpkOHUT5OZ0bUcNNVZQ9RLlg=="],

    "@esbuild/android-arm64": ["@esbuild/android-arm64@0.25.12", "", { "os": "android", "cpu": "arm64" }, "sha512-6AAmLG7zwD1Z159jCKPvAxZd4y/VTO0VkprYy+3N2FtJ8+BQWFXU+OxARIwA46c5tdD9SsKGZ/1ocqBS/gAKHg=="],

    "@esbuild/android-x64": ["@esbuild/android-x64@0.25.12", "", { "os": "android", "cpu": "x64" }, "sha512-5jbb+2hhDHx5phYR2By8GTWEzn6I9UqR11Kwf22iKbNpYrsmRB18aX/9ivc5cabcUiAT/wM+YIZ6SG9QO6a8kg=="],

    "@esbuild/darwin-arm64": ["@esbuild/darwin-arm64@0.25.12", "", { "os": "darwin", "cpu": "arm64" }, "sha512-N3zl+lxHCifgIlcMUP5016ESkeQjLj/959RxxNYIthIg+CQHInujFuXeWbWMgnTo4cp5XVHqFPmpyu9J65C1Yg=="],

    "@esbuild/darwin-x64": ["@esbuild/darwin-x64@0.25.12", "", { "os": "darwin", "cpu": "x64" }, "sha512-HQ9ka4Kx21qHXwtlTUVbKJOAnmG1ipXhdWTmNXiPzPfWKpXqASVcWdnf2bnL73wgjNrFXAa3yYvBSd9pzfEIpA=="],

    "@esbuild/freebsd-arm64": ["@esbuild/freebsd-arm64@0.25.12", "", { "os": "freebsd", "cpu": "arm64" }, "sha512-gA0Bx759+7Jve03K1S0vkOu5Lg/85dou3EseOGUes8flVOGxbhDDh/iZaoek11Y8mtyKPGF3vP8XhnkDEAmzeg=="],

    "@esbuild/freebsd-x64": ["@esbuild/freebsd-x64@0.25.12", "", { "os": "freebsd", "cpu": "x64" }, "sha512-TGbO26Yw2xsHzxtbVFGEXBFH0FRAP7gtcPE7P5yP7wGy7cXK2oO7RyOhL5NLiqTlBh47XhmIUXuGciXEqYFfBQ=="],

    "@esbuild/linux-arm": ["@esbuild/linux-arm@0.25.12", "", { "os": "linux", "cpu": "arm" }, "sha512-lPDGyC1JPDou8kGcywY0YILzWlhhnRjdof3UlcoqYmS9El818LLfJJc3PXXgZHrHCAKs/Z2SeZtDJr5MrkxtOw=="],

    "@esbuild/linux-arm64": ["@esbuild/linux-arm64@0.25.12", "", { "os": "linux", "cpu": "arm64" }, "sha512-8bwX7a8FghIgrupcxb4aUmYDLp8pX06rGh5HqDT7bB+8Rdells6mHvrFHHW2JAOPZUbnjUpKTLg6ECyzvas2AQ=="],

    "@esbuild/linux-ia32": ["@esbuild/linux-ia32@0.25.12", "", { "os": "linux", "cpu": "ia32" }, "sha512-0y9KrdVnbMM2/vG8KfU0byhUN+EFCny9+8g202gYqSSVMonbsCfLjUO+rCci7pM0WBEtz+oK/PIwHkzxkyharA=="],

    "@esbuild/linux-loong64": ["@esbuild/linux-loong64@0.25.12", "", { "os": "linux", "cpu": "none" }, "sha512-h///Lr5a9rib/v1GGqXVGzjL4TMvVTv+s1DPoxQdz7l/AYv6LDSxdIwzxkrPW438oUXiDtwM10o9PmwS/6Z0Ng=="],

    "@esbuild/linux-mips64el": ["@esbuild/linux-mips64el@0.25.12", "", { "os": "linux", "cpu": "none" }, "sha512-iyRrM1Pzy9GFMDLsXn1iHUm18nhKnNMWscjmp4+hpafcZjrr2WbT//d20xaGljXDBYHqRcl8HnxbX6uaA/eGVw=="],

    "@esbuild/linux-ppc64": ["@esbuild/linux-ppc64@0.25.12", "", { "os": "linux", "cpu": "ppc64" }, "sha512-9meM/lRXxMi5PSUqEXRCtVjEZBGwB7P/D4yT8UG/mwIdze2aV4Vo6U5gD3+RsoHXKkHCfSxZKzmDssVlRj1QQA=="],

    "@esbuild/linux-riscv64": ["@esbuild/linux-riscv64@0.25.12", "", { "os": "linux", "cpu": "none" }, "sha512-Zr7KR4hgKUpWAwb1f3o5ygT04MzqVrGEGXGLnj15YQDJErYu/BGg+wmFlIDOdJp0PmB0lLvxFIOXZgFRrdjR0w=="],

    "@esbuild/linux-s390x": ["@esbuild/linux-s390x@0.25.12", "", { "os": "linux", "cpu": "s390x" }, "sha512-MsKncOcgTNvdtiISc/jZs/Zf8d0cl/t3gYWX8J9ubBnVOwlk65UIEEvgBORTiljloIWnBzLs4qhzPkJcitIzIg=="],

    "@esbuild/linux-x64": ["@esbuild/linux-x64@0.25.12", "", { "os": "linux", "cpu": "x64" }, "sha512-uqZMTLr/zR/ed4jIGnwSLkaHmPjOjJvnm6TVVitAa08SLS9Z0VM8wIRx7gWbJB5/J54YuIMInDquWyYvQLZkgw=="],

    "@esbuild/netbsd-arm64": ["@esbuild/netbsd-arm64@0.25.12", "", { "os": "none", "cpu": "arm64" }, "sha512-xXwcTq4GhRM7J9A8Gv5boanHhRa/Q9KLVmcyXHCTaM4wKfIpWkdXiMog/KsnxzJ0A1+nD+zoecuzqPmCRyBGjg=="],

    "@esbuild/netbsd-x64": ["@esbuild/netbsd-x64@0.25.12", "", { "os": "none", "cpu": "x64" }, "sha512-Ld5pTlzPy3YwGec4OuHh1aCVCRvOXdH8DgRjfDy/oumVovmuSzWfnSJg+VtakB9Cm0gxNO9BzWkj6mtO1FMXkQ=="],

    "@esbuild/openbsd-arm64": ["@esbuild/openbsd-arm64@0.25.12", "", { "os": "openbsd", "cpu": "arm64" }, "sha512-fF96T6KsBo/pkQI950FARU9apGNTSlZGsv1jZBAlcLL1MLjLNIWPBkj5NlSz8aAzYKg+eNqknrUJ24QBybeR5A=="],

    "@esbuild/openbsd-x64": ["@esbuild/openbsd-x64@0.25.12", "", { "os": "openbsd", "cpu": "x64" }, "sha512-MZyXUkZHjQxUvzK7rN8DJ3SRmrVrke8ZyRusHlP+kuwqTcfWLyqMOE3sScPPyeIXN/mDJIfGXvcMqCgYKekoQw=="],

    "@esbuild/openharmony-arm64": ["@esbuild/openharmony-arm64@0.25.12", "", { "os": "none", "cpu": "arm64" }, "sha512-rm0YWsqUSRrjncSXGA7Zv78Nbnw4XL6/dzr20cyrQf7ZmRcsovpcRBdhD43Nuk3y7XIoW2OxMVvwuRvk9XdASg=="],

    "@esbuild/sunos-x64": ["@esbuild/sunos-x64@0.25.12", "", { "os": "sunos", "cpu": "x64" }, "sha512-3wGSCDyuTHQUzt0nV7bocDy72r2lI33QL3gkDNGkod22EsYl04sMf0qLb8luNKTOmgF/eDEDP5BFNwoBKH441w=="],

    "@esbuild/win32-arm64": ["@esbuild/win32-arm64@0.25.12", "", { "os": "win32", "cpu": "arm64" }, "sha512-rMmLrur64A7+DKlnSuwqUdRKyd3UE7oPJZmnljqEptesKM8wx9J8gx5u0+9Pq0fQQW8vqeKebwNXdfOyP+8Bsg=="],

    "@esbuild/win32-ia32": ["@esbuild/win32-ia32@0.25.12", "", { "os": "win32", "cpu": "ia32" }, "sha512-HkqnmmBoCbCwxUKKNPBixiWDGCpQGVsrQfJoVGYLPT41XWF8lHuE5N6WhVia2n4o5QK5M4tYr21827fNhi4byQ=="],

    "@esbuild/win32-x64": ["@esbuild/win32-x64@0.25.12", "", { "os": "win32", "cpu": "x64" }, "sha512-alJC0uCZpTFrSL0CCDjcgleBXPnCrEAhTBILpeAp7M/OFgoqtAetfBzX0xM00MUsVVPpVjlPuMbREqnZCXaTnA=="],

    "@jridgewell/gen-mapping": ["@jridgewell/gen-mapping@0.3.13", "", { "dependencies": { "@jridgewell/sourcemap-codec": "^1.5.0", "@jridgewell/trace-mapping": "^0.3.24" } }, "sha512-2kkt/7niJ6MgEPxF0bYdQ6etZaA+fQvDcLKckhy1yIQOzaoKjBBjSj63/aLVjYE3qhRt5dvM+uUyfCg6UKCBbA=="],

    "@jridgewell/remapping": ["@jridgewell/remapping@2.3.5", "", { "dependencies": { "@jridgewell/gen-mapping": "^0.3.5", "@jridgewell/trace-mapping": "^0.3.24" } }, "sha512-LI9u/+laYG4Ds1TDKSJW2YPrIlcVYOwi2fUC6xB43lueCjgxV4lffOCZCtYFiH6TNOX+tQKXx97T4IKHbhyHEQ=="],

    "@jridgewell/resolve-uri": ["@jridgewell/resolve-uri@3.1.2", "", {}, "sha512-bRISgCIjP20/tbWSPWMEi54QVPRZExkuD9lJL+UIxUKtwVJA8wW1Trb1jMs1RFXo1CBTNZ/5hpC9QvmKWdopKw=="],

    "@jridgewell/sourcemap-codec": ["@jridgewell/sourcemap-codec@1.5.5", "", {}, "sha512-cYQ9310grqxueWbl+WuIUIaiUaDcj7WOq5fVhEljNVgRfOUhY9fy2zTvfoqWsnebh8Sl70VScFbICvJnLKB0Og=="],

    "@jridgewell/trace-mapping": ["@jridgewell/trace-mapping@0.3.31", "", { "dependencies": { "@jridgewell/resolve-uri": "^3.1.0", "@jridgewell/sourcemap-codec": "^1.4.14" } }, "sha512-zzNR+SdQSDJzc8joaeP8QQoCQr8NuYx2dIIytl1QeBEZHJ9uW6hebsrYgbz8hJwUQao3TWCMtmfV8Nu1twOLAw=="],

    "@rolldown/pluginutils": ["@rolldown/pluginutils@1.0.0-beta.29", "", {}, "sha512-NIJgOsMjbxAXvoGq/X0gD7VPMQ8j9g0BiDaNjVNVjvl+iKXxL3Jre0v31RmBYeLEmkbj2s02v8vFTbUXi5XS2Q=="],

    "@rollup/rollup-android-arm-eabi": ["@rollup/rollup-android-arm-eabi@4.53.1", "", { "os": "android", "cpu": "arm" }, "sha512-bxZtughE4VNVJlL1RdoSE545kc4JxL7op57KKoi59/gwuU5rV6jLWFXXc8jwgFoT6vtj+ZjO+Z2C5nrY0Cl6wA=="],

    "@rollup/rollup-android-arm64": ["@rollup/rollup-android-arm64@4.53.1", "", { "os": "android", "cpu": "arm64" }, "sha512-44a1hreb02cAAfAKmZfXVercPFaDjqXCK+iKeVOlJ9ltvnO6QqsBHgKVPTu+MJHSLLeMEUbeG2qiDYgbFPU48g=="],

    "@rollup/rollup-darwin-arm64": ["@rollup/rollup-darwin-arm64@4.53.1", "", { "os": "darwin", "cpu": "arm64" }, "sha512-usmzIgD0rf1syoOZ2WZvy8YpXK5G1V3btm3QZddoGSa6mOgfXWkkv+642bfUUldomgrbiLQGrPryb7DXLovPWQ=="],

    "@rollup/rollup-darwin-x64": ["@rollup/rollup-darwin-x64@4.53.1", "", { "os": "darwin", "cpu": "x64" }, "sha512-is3r/k4vig2Gt8mKtTlzzyaSQ+hd87kDxiN3uDSDwggJLUV56Umli6OoL+/YZa/KvtdrdyNfMKHzL/P4siOOmg=="],

    "@rollup/rollup-freebsd-arm64": ["@rollup/rollup-freebsd-arm64@4.53.1", "", { "os": "freebsd", "cpu": "arm64" }, "sha512-QJ1ksgp/bDJkZB4daldVmHaEQkG4r8PUXitCOC2WRmRaSaHx5RwPoI3DHVfXKwDkB+Sk6auFI/+JHacTekPRSw=="],

    "@rollup/rollup-freebsd-x64": ["@rollup/rollup-freebsd-x64@4.53.1", "", { "os": "freebsd", "cpu": "x64" }, "sha512-J6ma5xgAzvqsnU6a0+jgGX/gvoGokqpkx6zY4cWizRrm0ffhHDpJKQgC8dtDb3+MqfZDIqs64REbfHDMzxLMqQ=="],

    "@rollup/rollup-linux-arm-gnueabihf": ["@rollup/rollup-linux-arm-gnueabihf@4.53.1", "", { "os": "linux", "cpu": "arm" }, "sha512-JzWRR41o2U3/KMNKRuZNsDUAcAVUYhsPuMlx5RUldw0E4lvSIXFUwejtYz1HJXohUmqs/M6BBJAUBzKXZVddbg=="],

    "@rollup/rollup-linux-arm-musleabihf": ["@rollup/rollup-linux-arm-musleabihf@4.53.1", "", { "os": "linux", "cpu": "arm" }, "sha512-L8kRIrnfMrEoHLHtHn+4uYA52fiLDEDyezgxZtGUTiII/yb04Krq+vk3P2Try+Vya9LeCE9ZHU8CXD6J9EhzHQ=="],

    "@rollup/rollup-linux-arm64-gnu": ["@rollup/rollup-linux-arm64-gnu@4.53.1", "", { "os": "linux", "cpu": "arm64" }, "sha512-ysAc0MFRV+WtQ8li8hi3EoFi7us6d1UzaS/+Dp7FYZfg3NdDljGMoVyiIp6Ucz7uhlYDBZ/zt6XI0YEZbUO11Q=="],

    "@rollup/rollup-linux-arm64-musl": ["@rollup/rollup-linux-arm64-musl@4.53.1", "", { "os": "linux", "cpu": "arm64" }, "sha512-UV6l9MJpDbDZZ/fJvqNcvO1PcivGEf1AvKuTcHoLjVZVFeAMygnamCTDikCVMRnA+qJe+B3pSbgX2+lBMqgBhA=="],

    "@rollup/rollup-linux-loong64-gnu": ["@rollup/rollup-linux-loong64-gnu@4.53.1", "", { "os": "linux", "cpu": "none" }, "sha512-UDUtelEprkA85g95Q+nj3Xf0M4hHa4DiJ+3P3h4BuGliY4NReYYqwlc0Y8ICLjN4+uIgCEvaygYlpf0hUj90Yg=="],

    "@rollup/rollup-linux-ppc64-gnu": ["@rollup/rollup-linux-ppc64-gnu@4.53.1", "", { "os": "linux", "cpu": "ppc64" }, "sha512-vrRn+BYhEtNOte/zbc2wAUQReJXxEx2URfTol6OEfY2zFEUK92pkFBSXRylDM7aHi+YqEPJt9/ABYzmcrS4SgQ=="],

    "@rollup/rollup-linux-riscv64-gnu": ["@rollup/rollup-linux-riscv64-gnu@4.53.1", "", { "os": "linux", "cpu": "none" }, "sha512-gto/1CxHyi4A7YqZZNznQYrVlPSaodOBPKM+6xcDSCMVZN/Fzb4K+AIkNz/1yAYz9h3Ng+e2fY9H6bgawVq17w=="],

    "@rollup/rollup-linux-riscv64-musl": ["@rollup/rollup-linux-riscv64-musl@4.53.1", "", { "os": "linux", "cpu": "none" }, "sha512-KZ6Vx7jAw3aLNjFR8eYVcQVdFa/cvBzDNRFM3z7XhNNunWjA03eUrEwJYPk0G8V7Gs08IThFKcAPS4WY/ybIrQ=="],

    "@rollup/rollup-linux-s390x-gnu": ["@rollup/rollup-linux-s390x-gnu@4.53.1", "", { "os": "linux", "cpu": "s390x" }, "sha512-HvEixy2s/rWNgpwyKpXJcHmE7om1M89hxBTBi9Fs6zVuLU4gOrEMQNbNsN/tBVIMbLyysz/iwNiGtMOpLAOlvA=="],

    "@rollup/rollup-linux-x64-gnu": ["@rollup/rollup-linux-x64-gnu@4.53.1", "", { "os": "linux", "cpu": "x64" }, "sha512-E/n8x2MSjAQgjj9IixO4UeEUeqXLtiA7pyoXCFYLuXpBA/t2hnbIdxHfA7kK9BFsYAoNU4st1rHYdldl8dTqGA=="],

    "@rollup/rollup-linux-x64-musl": ["@rollup/rollup-linux-x64-musl@4.53.1", "", { "os": "linux", "cpu": "x64" }, "sha512-IhJ087PbLOQXCN6Ui/3FUkI9pWNZe/Z7rEIVOzMsOs1/HSAECCvSZ7PkIbkNqL/AZn6WbZvnoVZw/qwqYMo4/w=="],

    "@rollup/rollup-openharmony-arm64": ["@rollup/rollup-openharmony-arm64@4.53.1", "", { "os": "none", "cpu": "arm64" }, "sha512-0++oPNgLJHBblreu0SFM7b3mAsBJBTY0Ksrmu9N6ZVrPiTkRgda52mWR7TKhHAsUb9noCjFvAw9l6ZO1yzaVbA=="],

    "@rollup/rollup-win32-arm64-msvc": ["@rollup/rollup-win32-arm64-msvc@4.53.1", "", { "os": "win32", "cpu": "arm64" }, "sha512-VJXivz61c5uVdbmitLkDlbcTk9Or43YC2QVLRkqp86QoeFSqI81bNgjhttqhKNMKnQMWnecOCm7lZz4s+WLGpQ=="],

    "@rollup/rollup-win32-ia32-msvc": ["@rollup/rollup-win32-ia32-msvc@4.53.1", "", { "os": "win32", "cpu": "ia32" }, "sha512-NmZPVTUOitCXUH6erJDzTQ/jotYw4CnkMDjCYRxNHVD9bNyfrGoIse684F9okwzKCV4AIHRbUkeTBc9F2OOH5Q=="],

    "@rollup/rollup-win32-x64-gnu": ["@rollup/rollup-win32-x64-gnu@4.53.1", "", { "os": "win32", "cpu": "x64" }, "sha512-2SNj7COIdAf6yliSpLdLG8BEsp5lgzRehgfkP0Av8zKfQFKku6JcvbobvHASPJu4f3BFxej5g+HuQPvqPhHvpQ=="],

    "@rollup/rollup-win32-x64-msvc": ["@rollup/rollup-win32-x64-msvc@4.53.1", "", { "os": "win32", "cpu": "x64" }, "sha512-rLarc1Ofcs3DHtgSzFO31pZsCh8g05R2azN1q3fF+H423Co87My0R+tazOEvYVKXSLh8C4LerMK41/K7wlklcg=="],

    "@standard-schema/spec": ["@standard-schema/spec@1.0.0", "", {}, "sha512-m2bOd0f2RT9k8QJx1JN85cZYyH1RqFBdlwtkSlf4tBDYLCiiZnv1fIIwacK6cqwXavOydf0NPToMQgpKq+dVlA=="],

    "@tailwindcss/node": ["@tailwindcss/node@4.1.17", "", { "dependencies": { "@jridgewell/remapping": "^2.3.4", "enhanced-resolve": "^5.18.3", "jiti": "^2.6.1", "lightningcss": "1.30.2", "magic-string": "^0.30.21", "source-map-js": "^1.2.1", "tailwindcss": "4.1.17" } }, "sha512-csIkHIgLb3JisEFQ0vxr2Y57GUNYh447C8xzwj89U/8fdW8LhProdxvnVH6U8M2Y73QKiTIH+LWbK3V2BBZsAg=="],

    "@tailwindcss/oxide": ["@tailwindcss/oxide@4.1.17", "", { "optionalDependencies": { "@tailwindcss/oxide-android-arm64": "4.1.17", "@tailwindcss/oxide-darwin-arm64": "4.1.17", "@tailwindcss/oxide-darwin-x64": "4.1.17", "@tailwindcss/oxide-freebsd-x64": "4.1.17", "@tailwindcss/oxide-linux-arm-gnueabihf": "4.1.17", "@tailwindcss/oxide-linux-arm64-gnu": "4.1.17", "@tailwindcss/oxide-linux-arm64-musl": "4.1.17", "@tailwindcss/oxide-linux-x64-gnu": "4.1.17", "@tailwindcss/oxide-linux-x64-musl": "4.1.17", "@tailwindcss/oxide-wasm32-wasi": "4.1.17", "@tailwindcss/oxide-win32-arm64-msvc": "4.1.17", "@tailwindcss/oxide-win32-x64-msvc": "4.1.17" } }, "sha512-F0F7d01fmkQhsTjXezGBLdrl1KresJTcI3DB8EkScCldyKp3Msz4hub4uyYaVnk88BAS1g5DQjjF6F5qczheLA=="],

    "@tailwindcss/oxide-android-arm64": ["@tailwindcss/oxide-android-arm64@4.1.17", "", { "os": "android", "cpu": "arm64" }, "sha512-BMqpkJHgOZ5z78qqiGE6ZIRExyaHyuxjgrJ6eBO5+hfrfGkuya0lYfw8fRHG77gdTjWkNWEEm+qeG2cDMxArLQ=="],

    "@tailwindcss/oxide-darwin-arm64": ["@tailwindcss/oxide-darwin-arm64@4.1.17", "", { "os": "darwin", "cpu": "arm64" }, "sha512-EquyumkQweUBNk1zGEU/wfZo2qkp/nQKRZM8bUYO0J+Lums5+wl2CcG1f9BgAjn/u9pJzdYddHWBiFXJTcxmOg=="],

    "@tailwindcss/oxide-darwin-x64": ["@tailwindcss/oxide-darwin-x64@4.1.17", "", { "os": "darwin", "cpu": "x64" }, "sha512-gdhEPLzke2Pog8s12oADwYu0IAw04Y2tlmgVzIN0+046ytcgx8uZmCzEg4VcQh+AHKiS7xaL8kGo/QTiNEGRog=="],

    "@tailwindcss/oxide-freebsd-x64": ["@tailwindcss/oxide-freebsd-x64@4.1.17", "", { "os": "freebsd", "cpu": "x64" }, "sha512-hxGS81KskMxML9DXsaXT1H0DyA+ZBIbyG/sSAjWNe2EDl7TkPOBI42GBV3u38itzGUOmFfCzk1iAjDXds8Oh0g=="],

    "@tailwindcss/oxide-linux-arm-gnueabihf": ["@tailwindcss/oxide-linux-arm-gnueabihf@4.1.17", "", { "os": "linux", "cpu": "arm" }, "sha512-k7jWk5E3ldAdw0cNglhjSgv501u7yrMf8oeZ0cElhxU6Y2o7f8yqelOp3fhf7evjIS6ujTI3U8pKUXV2I4iXHQ=="],

    "@tailwindcss/oxide-linux-arm64-gnu": ["@tailwindcss/oxide-linux-arm64-gnu@4.1.17", "", { "os": "linux", "cpu": "arm64" }, "sha512-HVDOm/mxK6+TbARwdW17WrgDYEGzmoYayrCgmLEw7FxTPLcp/glBisuyWkFz/jb7ZfiAXAXUACfyItn+nTgsdQ=="],

    "@tailwindcss/oxide-linux-arm64-musl": ["@tailwindcss/oxide-linux-arm64-musl@4.1.17", "", { "os": "linux", "cpu": "arm64" }, "sha512-HvZLfGr42i5anKtIeQzxdkw/wPqIbpeZqe7vd3V9vI3RQxe3xU1fLjss0TjyhxWcBaipk7NYwSrwTwK1hJARMg=="],

    "@tailwindcss/oxide-linux-x64-gnu": ["@tailwindcss/oxide-linux-x64-gnu@4.1.17", "", { "os": "linux", "cpu": "x64" }, "sha512-M3XZuORCGB7VPOEDH+nzpJ21XPvK5PyjlkSFkFziNHGLc5d6g3di2McAAblmaSUNl8IOmzYwLx9NsE7bplNkwQ=="],

    "@tailwindcss/oxide-linux-x64-musl": ["@tailwindcss/oxide-linux-x64-musl@4.1.17", "", { "os": "linux", "cpu": "x64" }, "sha512-k7f+pf9eXLEey4pBlw+8dgfJHY4PZ5qOUFDyNf7SI6lHjQ9Zt7+NcscjpwdCEbYi6FI5c2KDTDWyf2iHcCSyyQ=="],

    "@tailwindcss/oxide-wasm32-wasi": ["@tailwindcss/oxide-wasm32-wasi@4.1.17", "", { "dependencies": { "@emnapi/core": "^1.6.0", "@emnapi/runtime": "^1.6.0", "@emnapi/wasi-threads": "^1.1.0", "@napi-rs/wasm-runtime": "^1.0.7", "@tybys/wasm-util": "^0.10.1", "tslib": "^2.4.0" }, "cpu": "none" }, "sha512-cEytGqSSoy7zK4JRWiTCx43FsKP/zGr0CsuMawhH67ONlH+T79VteQeJQRO/X7L0juEUA8ZyuYikcRBf0vsxhg=="],

    "@tailwindcss/oxide-win32-arm64-msvc": ["@tailwindcss/oxide-win32-arm64-msvc@4.1.17", "", { "os": "win32", "cpu": "arm64" }, "sha512-JU5AHr7gKbZlOGvMdb4722/0aYbU+tN6lv1kONx0JK2cGsh7g148zVWLM0IKR3NeKLv+L90chBVYcJ8uJWbC9A=="],

    "@tailwindcss/oxide-win32-x64-msvc": ["@tailwindcss/oxide-win32-x64-msvc@4.1.17", "", { "os": "win32", "cpu": "x64" }, "sha512-SKWM4waLuqx0IH+FMDUw6R66Hu4OuTALFgnleKbqhgGU30DY20NORZMZUKgLRjQXNN2TLzKvh48QXTig4h4bGw=="],

    "@tailwindcss/vite": ["@tailwindcss/vite@4.1.17", "", { "dependencies": { "@tailwindcss/node": "4.1.17", "@tailwindcss/oxide": "4.1.17", "tailwindcss": "4.1.17" }, "peerDependencies": { "vite": "^5.2.0 || ^6 || ^7" } }, "sha512-4+9w8ZHOiGnpcGI6z1TVVfWaX/koK7fKeSYF3qlYg2xpBtbteP2ddBxiarL+HVgfSJGeK5RIxRQmKm4rTJJAwA=="],

    "@types/chai": ["@types/chai@5.2.3", "", { "dependencies": { "@types/deep-eql": "*", "assertion-error": "^2.0.1" } }, "sha512-Mw558oeA9fFbv65/y4mHtXDs9bPnFMZAL/jxdPFUpOHHIXX91mcgEHbS5Lahr+pwZFR8A7GQleRWeI6cGFC2UA=="],

    "@types/deep-eql": ["@types/deep-eql@4.0.2", "", {}, "sha512-c9h9dVVMigMPc4bwTvC5dxqtqJZwQPePsWjPlpSOnojbor6pGqdk541lfA7AqFQr5pB1BRdq0juY9db81BwyFw=="],

    "@types/estree": ["@types/estree@1.0.8", "", {}, "sha512-dWHzHa2WqEXI/O1E9OjrocMTKJl2mSrEolh1Iomrv6U+JuNwaHXsXx9bLu5gG7BUWFIN0skIQJQ/L1rIex4X6w=="],

    "@vitejs/plugin-vue": ["@vitejs/plugin-vue@6.0.1", "", { "dependencies": { "@rolldown/pluginutils": "1.0.0-beta.29" }, "peerDependencies": { "vite": "^5.0.0 || ^6.0.0 || ^7.0.0", "vue": "^3.2.25" } }, "sha512-+MaE752hU0wfPFJEUAIxqw18+20euHHdxVtMvbFcOEpjEyfqXH/5DCoTHiVJ0J29EhTJdoTkjEv5YBKU9dnoTw=="],

    "@vitest/expect": ["@vitest/expect@4.0.8", "", { "dependencies": { "@standard-schema/spec": "^1.0.0", "@types/chai": "^5.2.2", "@vitest/spy": "4.0.8", "@vitest/utils": "4.0.8", "chai": "^6.2.0", "tinyrainbow": "^3.0.3" } }, "sha512-Rv0eabdP/xjAHQGr8cjBm+NnLHNoL268lMDK85w2aAGLFoVKLd8QGnVon5lLtkXQCoYaNL0wg04EGnyKkkKhPA=="],

    "@vitest/mocker": ["@vitest/mocker@4.0.8", "", { "dependencies": { "@vitest/spy": "4.0.8", "estree-walker": "^3.0.3", "magic-string": "^0.30.21" }, "peerDependencies": { "msw": "^2.4.9", "vite": "^6.0.0 || ^7.0.0-0" }, "optionalPeers": ["msw"] }, "sha512-9FRM3MZCedXH3+pIh+ME5Up2NBBHDq0wqwhOKkN4VnvCiKbVxddqH9mSGPZeawjd12pCOGnl+lo/ZGHt0/dQSg=="],

    "@vitest/pretty-format": ["@vitest/pretty-format@4.0.8", "", { "dependencies": { "tinyrainbow": "^3.0.3" } }, "sha512-qRrjdRkINi9DaZHAimV+8ia9Gq6LeGz2CgIEmMLz3sBDYV53EsnLZbJMR1q84z1HZCMsf7s0orDgZn7ScXsZKg=="],

    "@vitest/runner": ["@vitest/runner@4.0.8", "", { "dependencies": { "@vitest/utils": "4.0.8", "pathe": "^2.0.3" } }, "sha512-mdY8Sf1gsM8hKJUQfiPT3pn1n8RF4QBcJYFslgWh41JTfrK1cbqY8whpGCFzBl45LN028g0njLCYm0d7XxSaQQ=="],

    "@vitest/snapshot": ["@vitest/snapshot@4.0.8", "", { "dependencies": { "@vitest/pretty-format": "4.0.8", "magic-string": "^0.30.21", "pathe": "^2.0.3" } }, "sha512-Nar9OTU03KGiubrIOFhcfHg8FYaRaNT+bh5VUlNz8stFhCZPNrJvmZkhsr1jtaYvuefYFwK2Hwrq026u4uPWCw=="],

    "@vitest/spy": ["@vitest/spy@4.0.8", "", {}, "sha512-nvGVqUunyCgZH7kmo+Ord4WgZ7lN0sOULYXUOYuHr55dvg9YvMz3izfB189Pgp28w0vWFbEEfNc/c3VTrqrXeA=="],

    "@vitest/utils": ["@vitest/utils@4.0.8", "", { "dependencies": { "@vitest/pretty-format": "4.0.8", "tinyrainbow": "^3.0.3" } }, "sha512-pdk2phO5NDvEFfUTxcTP8RFYjVj/kfLSPIN5ebP2Mu9kcIMeAQTbknqcFEyBcC4z2pJlJI9aS5UQjcYfhmKAow=="],

    "@vue/compiler-core": ["@vue/compiler-core@3.5.24", "", { "dependencies": { "@babel/parser": "^7.28.5", "@vue/shared": "3.5.24", "entities": "^4.5.0", "estree-walker": "^2.0.2", "source-map-js": "^1.2.1" } }, "sha512-eDl5H57AOpNakGNAkFDH+y7kTqrQpJkZFXhWZQGyx/5Wh7B1uQYvcWkvZi11BDhscPgj8N7XV3oRwiPnx1Vrig=="],

    "@vue/compiler-dom": ["@vue/compiler-dom@3.5.24", "", { "dependencies": { "@vue/compiler-core": "3.5.24", "@vue/shared": "3.5.24" } }, "sha512-1QHGAvs53gXkWdd3ZMGYuvQFXHW4ksKWPG8HP8/2BscrbZ0brw183q2oNWjMrSWImYLHxHrx1ItBQr50I/q2zw=="],

    "@vue/compiler-sfc": ["@vue/compiler-sfc@3.5.24", "", { "dependencies": { "@babel/parser": "^7.28.5", "@vue/compiler-core": "3.5.24", "@vue/compiler-dom": "3.5.24", "@vue/compiler-ssr": "3.5.24", "@vue/shared": "3.5.24", "estree-walker": "^2.0.2", "magic-string": "^0.30.21", "postcss": "^8.5.6", "source-map-js": "^1.2.1" } }, "sha512-8EG5YPRgmTB+YxYBM3VXy8zHD9SWHUJLIGPhDovo3Z8VOgvP+O7UP5vl0J4BBPWYD9vxtBabzW1EuEZ+Cqs14g=="],

    "@vue/compiler-ssr": ["@vue/compiler-ssr@3.5.24", "", { "dependencies": { "@vue/compiler-dom": "3.5.24", "@vue/shared": "3.5.24" } }, "sha512-trOvMWNBMQ/odMRHW7Ae1CdfYx+7MuiQu62Jtu36gMLXcaoqKvAyh+P73sYG9ll+6jLB6QPovqoKGGZROzkFFg=="],

    "@vue/reactivity": ["@vue/reactivity@3.5.24", "", { "dependencies": { "@vue/shared": "3.5.24" } }, "sha512-BM8kBhtlkkbnyl4q+HiF5R5BL0ycDPfihowulm02q3WYp2vxgPcJuZO866qa/0u3idbMntKEtVNuAUp5bw4teg=="],

    "@vue/runtime-core": ["@vue/runtime-core@3.5.24", "", { "dependencies": { "@vue/reactivity": "3.5.24", "@vue/shared": "3.5.24" } }, "sha512-RYP/byyKDgNIqfX/gNb2PB55dJmM97jc9wyF3jK7QUInYKypK2exmZMNwnjueWwGceEkP6NChd3D2ZVEp9undQ=="],

    "@vue/runtime-dom": ["@vue/runtime-dom@3.5.24", "", { "dependencies": { "@vue/reactivity": "3.5.24", "@vue/runtime-core": "3.5.24", "@vue/shared": "3.5.24", "csstype": "^3.1.3" } }, "sha512-Z8ANhr/i0XIluonHVjbUkjvn+CyrxbXRIxR7wn7+X7xlcb7dJsfITZbkVOeJZdP8VZwfrWRsWdShH6pngMxRjw=="],

    "@vue/server-renderer": ["@vue/server-renderer@3.5.24", "", { "dependencies": { "@vue/compiler-ssr": "3.5.24", "@vue/shared": "3.5.24" }, "peerDependencies": { "vue": "3.5.24" } }, "sha512-Yh2j2Y4G/0/4z/xJ1Bad4mxaAk++C2v4kaa8oSYTMJBJ00/ndPuxCnWeot0/7/qafQFLh5pr6xeV6SdMcE/G1w=="],

    "@vue/shared": ["@vue/shared@3.5.24", "", {}, "sha512-9cwHL2EsJBdi8NY22pngYYWzkTDhld6fAD6jlaeloNGciNSJL6bLpbxVgXl96X00Jtc6YWQv96YA/0sxex/k1A=="],

    "agent-base": ["agent-base@7.1.4", "", {}, "sha512-MnA+YT8fwfJPgBx3m60MNqakm30XOkyIoH1y6huTQvC0PwZG7ki8NacLBcrPbNoo8vEZy7Jpuk7+jMO+CUovTQ=="],

    "assertion-error": ["assertion-error@2.0.1", "", {}, "sha512-Izi8RQcffqCeNVgFigKli1ssklIbpHnCYc6AknXGYoB6grJqyeby7jv12JUQgmTAnIDnbck1uxksT4dzN3PWBA=="],

    "bidi-js": ["bidi-js@1.0.3", "", { "dependencies": { "require-from-string": "^2.0.2" } }, "sha512-RKshQI1R3YQ+n9YJz2QQ147P66ELpa1FQEg20Dk8oW9t2KgLbpDLLp9aGZ7y8WHSshDknG0bknqGw5/tyCs5tw=="],

    "chai": ["chai@6.2.0", "", {}, "sha512-aUTnJc/JipRzJrNADXVvpVqi6CO0dn3nx4EVPxijri+fj3LUUDyZQOgVeW54Ob3Y1Xh9Iz8f+CgaCl8v0mn9bA=="],

    "css-tree": ["css-tree@3.1.0", "", { "dependencies": { "mdn-data": "2.12.2", "source-map-js": "^1.0.1" } }, "sha512-0eW44TGN5SQXU1mWSkKwFstI/22X2bG1nYzZTYMAWjylYURhse752YgbE4Cx46AC+bAvI+/dYTPRk1LqSUnu6w=="],

    "cssstyle": ["cssstyle@5.3.3", "", { "dependencies": { "@asamuzakjp/css-color": "^4.0.3", "@csstools/css-syntax-patches-for-csstree": "^1.0.14", "css-tree": "^3.1.0" } }, "sha512-OytmFH+13/QXONJcC75QNdMtKpceNk3u8ThBjyyYjkEcy/ekBwR1mMAuNvi3gdBPW3N5TlCzQ0WZw8H0lN/bDw=="],

    "csstype": ["csstype@3.1.3", "", {}, "sha512-M1uQkMl8rQK/szD0LNhtqxIPLpimGm8sOBwU7lLnCpSbTyY3yeU1Vc7l4KT5zT4s/yOxHH5O7tIuuLOCnLADRw=="],

    "data-urls": ["data-urls@6.0.0", "", { "dependencies": { "whatwg-mimetype": "^4.0.0", "whatwg-url": "^15.0.0" } }, "sha512-BnBS08aLUM+DKamupXs3w2tJJoqU+AkaE/+6vQxi/G/DPmIZFJJp9Dkb1kM03AZx8ADehDUZgsNxju3mPXZYIA=="],

    "debug": ["debug@4.4.3", "", { "dependencies": { "ms": "^2.1.3" } }, "sha512-RGwwWnwQvkVfavKVt22FGLw+xYSdzARwm0ru6DhTVA3umU5hZc28V3kO4stgYryrTlLpuvgI9GiijltAjNbcqA=="],

    "decimal.js": ["decimal.js@10.6.0", "", {}, "sha512-YpgQiITW3JXGntzdUmyUR1V812Hn8T1YVXhCu+wO3OpS4eU9l4YdD3qjyiKdV6mvV29zapkMeD390UVEf2lkUg=="],

    "detect-libc": ["detect-libc@2.1.2", "", {}, "sha512-Btj2BOOO83o3WyH59e8MgXsxEQVcarkUOpEYrubB0urwnN10yQ364rsiByU11nZlqWYZm05i/of7io4mzihBtQ=="],

    "enhanced-resolve": ["enhanced-resolve@5.18.3", "", { "dependencies": { "graceful-fs": "^4.2.4", "tapable": "^2.2.0" } }, "sha512-d4lC8xfavMeBjzGr2vECC3fsGXziXZQyJxD868h2M/mBI3PwAuODxAkLkq5HYuvrPYcUtiLzsTo8U3PgX3Ocww=="],

    "entities": ["entities@4.5.0", "", {}, "sha512-V0hjH4dGPh9Ao5p0MoRY6BVqtwCjhz6vI5LT8AJ55H+4g9/4vbHx1I54fS0XuclLhDHArPQCiMjDxjaL8fPxhw=="],

    "es-module-lexer": ["es-module-lexer@1.7.0", "", {}, "sha512-jEQoCwk8hyb2AZziIOLhDqpm5+2ww5uIE6lkO/6jcOCusfk6LhMHpXXfBLXTZ7Ydyt0j4VoUQv6uGNYbdW+kBA=="],

    "esbuild": ["esbuild@0.25.12", "", { "optionalDependencies": { "@esbuild/aix-ppc64": "0.25.12", "@esbuild/android-arm": "0.25.12", "@esbuild/android-arm64": "0.25.12", "@esbuild/android-x64": "0.25.12", "@esbuild/darwin-arm64": "0.25.12", "@esbuild/darwin-x64": "0.25.12", "@esbuild/freebsd-arm64": "0.25.12", "@esbuild/freebsd-x64": "0.25.12", "@esbuild/linux-arm": "0.25.12", "@esbuild/linux-arm64": "0.25.12", "@esbuild/linux-ia32": "0.25.12", "@esbuild/linux-loong64": "0.25.12", "@esbuild/linux-mips64el": "0.25.12", "@esbuild/linux-ppc64": "0.25.12", "@esbuild/linux-riscv64": "0.25.12", "@esbuild/linux-s390x": "0.25.12", "@esbuild/linux-x64": "0.25.12", "@esbuild/netbsd-arm64": "0.25.12", "@esbuild/netbsd-x64": "0.25.12", "@esbuild/openbsd-arm64": "0.25.12", "@esbuild/openbsd-x64": "0.25.12", "@esbuild/openharmony-arm64": "0.25.12", "@esbuild/sunos-x64": "0.25.12", "@esbuild/win32-arm64": "0.25.12", "@esbuild/win32-ia32": "0.25.12", "@esbuild/win32-x64": "0.25.12" }, "bin": "bin/esbuild" }, "sha512-bbPBYYrtZbkt6Os6FiTLCTFxvq4tt3JKall1vRwshA3fdVztsLAatFaZobhkBC8/BrPetoa0oksYoKXoG4ryJg=="],

    "estree-walker": ["estree-walker@2.0.2", "", {}, ""],

    "expect-type": ["expect-type@1.2.2", "", {}, "sha512-JhFGDVJ7tmDJItKhYgJCGLOWjuK9vPxiXoUFLwLDc99NlmklilbiQJwoctZtt13+xMw91MCk/REan6MWHqDjyA=="],

    "fdir": ["fdir@6.5.0", "", { "peerDependencies": { "picomatch": "^3 || ^4" } }, "sha512-tIbYtZbucOs0BRGqPJkshJUYdL+SDH7dVM8gjy+ERp3WAUjLEFJE+02kanyHtwjWOnwrKYBiwAmM0p4kLJAnXg=="],

    "fsevents": ["fsevents@2.3.3", "", { "os": "darwin" }, "sha512-5xoDfX+fL7faATnagmWPpbFtwh/R77WmMMqqHGS65C3vvB0YHrgF+B1YmZ3441tMj5n63k0212XNoJwzlhffQw=="],

    "graceful-fs": ["graceful-fs@4.2.11", "", {}, "sha512-RbJ5/jmFcNNCcDV5o9eTnBLJ/HszWV0P73bc+Ff4nS/rJj+YaS6IGyiOL0VoBYX+l1Wrl3k63h/KrH+nhJ0XvQ=="],

    "html-encoding-sniffer": ["html-encoding-sniffer@4.0.0", "", { "dependencies": { "whatwg-encoding": "^3.1.1" } }, "sha512-Y22oTqIU4uuPgEemfz7NDJz6OeKf12Lsu+QC+s3BVpda64lTiMYCyGwg5ki4vFxkMwQdeZDl2adZoqUgdFuTgQ=="],

    "http-proxy-agent": ["http-proxy-agent@7.0.2", "", { "dependencies": { "agent-base": "^7.1.0", "debug": "^4.3.4" } }, "sha512-T1gkAiYYDWYx3V5Bmyu7HcfcvL7mUrTWiM6yOfa3PIphViJ/gFPbvidQ+veqSOHci/PxBcDabeUNCzpOODJZig=="],

    "https-proxy-agent": ["https-proxy-agent@7.0.6", "", { "dependencies": { "agent-base": "^7.1.2", "debug": "4" } }, "sha512-vK9P5/iUfdl95AI+JVyUuIcVtd4ofvtrOr3HNtM2yxC9bnMbEdp3x01OhQNnjb8IJYi38VlTE3mBXwcfvywuSw=="],

    "iconv-lite": ["iconv-lite@0.6.3", "", { "dependencies": { "safer-buffer": ">= 2.1.2 < 3.0.0" } }, "sha512-4fCk79wshMdzMp2rH06qWrJE4iolqLhCUH+OiuIgU++RB0+94NlDL81atO7GX55uUKueo0txHNtvEyI6D7WdMw=="],

    "is-potential-custom-element-name": ["is-potential-custom-element-name@1.0.1", "", {}, "sha512-bCYeRA2rVibKZd+s2625gGnGF/t7DSqDs4dP7CrLA1m7jKWz6pps0LpYLJN8Q64HtmPKJ1hrN3nzPNKFEKOUiQ=="],

    "jiti": ["jiti@1.21.7", "", { "bin": "bin/jiti.js" }, "sha512-/imKNG4EbWNrVjoNC/1H5/9GFy+tqjGBHCaSsN+P2RnPqjsLmv6UD3Ej+Kj8nBWaRAwyk7kK5ZUc+OEatnTR3A=="],

    "jsdom": ["jsdom@27.1.0", "", { "dependencies": { "@acemir/cssom": "^0.9.19", "@asamuzakjp/dom-selector": "^6.7.3", "cssstyle": "^5.3.2", "data-urls": "^6.0.0", "decimal.js": "^10.6.0", "html-encoding-sniffer": "^4.0.0", "http-proxy-agent": "^7.0.2", "https-proxy-agent": "^7.0.6", "is-potential-custom-element-name": "^1.0.1", "parse5": "^8.0.0", "saxes": "^6.0.0", "symbol-tree": "^3.2.4", "tough-cookie": "^6.0.0", "w3c-xmlserializer": "^5.0.0", "webidl-conversions": "^8.0.0", "whatwg-encoding": "^3.1.1", "whatwg-mimetype": "^4.0.0", "whatwg-url": "^15.1.0", "ws": "^8.18.3", "xml-name-validator": "^5.0.0" }, "peerDependencies": { "canvas": "^3.0.0" }, "optionalPeers": ["canvas"] }, "sha512-Pcfm3eZ+eO4JdZCXthW9tCDT3nF4K+9dmeZ+5X39n+Kqz0DDIABRP5CAEOHRFZk8RGuC2efksTJxrjp8EXCunQ=="],

    "lightningcss": ["lightningcss@1.30.2", "", { "dependencies": { "detect-libc": "^2.0.3" }, "optionalDependencies": { "lightningcss-android-arm64": "1.30.2", "lightningcss-darwin-arm64": "1.30.2", "lightningcss-darwin-x64": "1.30.2", "lightningcss-freebsd-x64": "1.30.2", "lightningcss-linux-arm-gnueabihf": "1.30.2", "lightningcss-linux-arm64-gnu": "1.30.2", "lightningcss-linux-arm64-musl": "1.30.2", "lightningcss-linux-x64-gnu": "1.30.2", "lightningcss-linux-x64-musl": "1.30.2", "lightningcss-win32-arm64-msvc": "1.30.2", "lightningcss-win32-x64-msvc": "1.30.2" } }, "sha512-utfs7Pr5uJyyvDETitgsaqSyjCb2qNRAtuqUeWIAKztsOYdcACf2KtARYXg2pSvhkt+9NfoaNY7fxjl6nuMjIQ=="],

    "lightningcss-android-arm64": ["lightningcss-android-arm64@1.30.2", "", { "os": "android", "cpu": "arm64" }, "sha512-BH9sEdOCahSgmkVhBLeU7Hc9DWeZ1Eb6wNS6Da8igvUwAe0sqROHddIlvU06q3WyXVEOYDZ6ykBZQnjTbmo4+A=="],

    "lightningcss-darwin-arm64": ["lightningcss-darwin-arm64@1.30.2", "", { "os": "darwin", "cpu": "arm64" }, "sha512-ylTcDJBN3Hp21TdhRT5zBOIi73P6/W0qwvlFEk22fkdXchtNTOU4Qc37SkzV+EKYxLouZ6M4LG9NfZ1qkhhBWA=="],

    "lightningcss-darwin-x64": ["lightningcss-darwin-x64@1.30.2", "", { "os": "darwin", "cpu": "x64" }, "sha512-oBZgKchomuDYxr7ilwLcyms6BCyLn0z8J0+ZZmfpjwg9fRVZIR5/GMXd7r9RH94iDhld3UmSjBM6nXWM2TfZTQ=="],

    "lightningcss-freebsd-x64": ["lightningcss-freebsd-x64@1.30.2", "", { "os": "freebsd", "cpu": "x64" }, "sha512-c2bH6xTrf4BDpK8MoGG4Bd6zAMZDAXS569UxCAGcA7IKbHNMlhGQ89eRmvpIUGfKWNVdbhSbkQaWhEoMGmGslA=="],

    "lightningcss-linux-arm-gnueabihf": ["lightningcss-linux-arm-gnueabihf@1.30.2", "", { "os": "linux", "cpu": "arm" }, "sha512-eVdpxh4wYcm0PofJIZVuYuLiqBIakQ9uFZmipf6LF/HRj5Bgm0eb3qL/mr1smyXIS1twwOxNWndd8z0E374hiA=="],

    "lightningcss-linux-arm64-gnu": ["lightningcss-linux-arm64-gnu@1.30.2", "", { "os": "linux", "cpu": "arm64" }, "sha512-UK65WJAbwIJbiBFXpxrbTNArtfuznvxAJw4Q2ZGlU8kPeDIWEX1dg3rn2veBVUylA2Ezg89ktszWbaQnxD/e3A=="],

    "lightningcss-linux-arm64-musl": ["lightningcss-linux-arm64-musl@1.30.2", "", { "os": "linux", "cpu": "arm64" }, "sha512-5Vh9dGeblpTxWHpOx8iauV02popZDsCYMPIgiuw97OJ5uaDsL86cnqSFs5LZkG3ghHoX5isLgWzMs+eD1YzrnA=="],

    "lightningcss-linux-x64-gnu": ["lightningcss-linux-x64-gnu@1.30.2", "", { "os": "linux", "cpu": "x64" }, "sha512-Cfd46gdmj1vQ+lR6VRTTadNHu6ALuw2pKR9lYq4FnhvgBc4zWY1EtZcAc6EffShbb1MFrIPfLDXD6Xprbnni4w=="],

    "lightningcss-linux-x64-musl": ["lightningcss-linux-x64-musl@1.30.2", "", { "os": "linux", "cpu": "x64" }, "sha512-XJaLUUFXb6/QG2lGIW6aIk6jKdtjtcffUT0NKvIqhSBY3hh9Ch+1LCeH80dR9q9LBjG3ewbDjnumefsLsP6aiA=="],

    "lightningcss-win32-arm64-msvc": ["lightningcss-win32-arm64-msvc@1.30.2", "", { "os": "win32", "cpu": "arm64" }, "sha512-FZn+vaj7zLv//D/192WFFVA0RgHawIcHqLX9xuWiQt7P0PtdFEVaxgF9rjM/IRYHQXNnk61/H/gb2Ei+kUQ4xQ=="],

    "lightningcss-win32-x64-msvc": ["lightningcss-win32-x64-msvc@1.30.2", "", { "os": "win32", "cpu": "x64" }, "sha512-5g1yc73p+iAkid5phb4oVFMB45417DkRevRbt/El/gKXJk4jid+vPFF/AXbxn05Aky8PapwzZrdJShv5C0avjw=="],

    "lru-cache": ["lru-cache@11.2.2", "", {}, "sha512-F9ODfyqML2coTIsQpSkRHnLSZMtkU8Q+mSfcaIyKwy58u+8k5nvAYeiNhsyMARvzNcXJ9QfWVrcPsC9e9rAxtg=="],

    "magic-string": ["magic-string@0.30.21", "", { "dependencies": { "@jridgewell/sourcemap-codec": "^1.5.5" } }, "sha512-vd2F4YUyEXKGcLHoq+TEyCjxueSeHnFxyyjNp80yg0XV4vUhnDer/lvvlqM/arB5bXQN5K2/3oinyCRyx8T2CQ=="],

    "mdn-data": ["mdn-data@2.12.2", "", {}, "sha512-IEn+pegP1aManZuckezWCO+XZQDplx1366JoVhTpMpBB1sPey/SbveZQUosKiKiGYjg1wH4pMlNgXbCiYgihQA=="],

    "ms": ["ms@2.1.3", "", {}, "sha512-6FlzubTLZG3J2a/NVCAleEhjzq5oxgHyaCU9yYXvcLsvoVaHJq/s5xXI6/XXP6tz7R9xAOtHnSO/tXtF3WRTlA=="],

    "nanoid": ["nanoid@3.3.11", "", { "bin": "bin/nanoid.cjs" }, "sha512-N8SpfPUnUp1bK+PMYW8qSWdl9U+wwNWI4QKxOYDy9JAro3WMX7p2OeVRF9v+347pnakNevPmiHhNmZ2HbFA76w=="],

    "parse5": ["parse5@8.0.0", "", { "dependencies": { "entities": "^6.0.0" } }, "sha512-9m4m5GSgXjL4AjumKzq1Fgfp3Z8rsvjRNbnkVwfu2ImRqE5D0LnY2QfDen18FSY9C573YU5XxSapdHZTZ2WolA=="],

    "pathe": ["pathe@2.0.3", "", {}, "sha512-WUjGcAqP1gQacoQe+OBJsFA7Ld4DyXuUIjZ5cc75cLHvJ7dtNsTugphxIADwspS+AraAUePCKrSVtPLFj/F88w=="],

    "picocolors": ["picocolors@1.1.1", "", {}, "sha512-xceH2snhtb5M9liqDsmEw56le376mTZkEX/jEb/RxNFyegNul7eNslCXP9FDj/Lcu0X8KEyMceP2ntpaHrDEVA=="],

    "picomatch": ["picomatch@4.0.3", "", {}, "sha512-5gTmgEY/sqK6gFXLIsQNH19lWb4ebPDLA4SdLP7dsWkIXHWlG66oPuVvXSGFPppYZz8ZDZq0dYYrbHfBCVUb1Q=="],

    "postcss": ["postcss@8.5.6", "", { "dependencies": { "nanoid": "^3.3.11", "picocolors": "^1.1.1", "source-map-js": "^1.2.1" } }, "sha512-3Ybi1tAuwAP9s0r1UQ2J4n5Y0G05bJkpUIO0/bI9MhwmD70S5aTWbXGBwxHrelT+XM1k6dM0pk+SwNkpTRN7Pg=="],

    "punycode": ["punycode@2.3.1", "", {}, "sha512-vYt7UD1U9Wg6138shLtLOvdAu+8DsC/ilFtEVHcH+wydcSpNE20AfSOduf6MkRFahL5FY7X1oU7nKVZFtfq8Fg=="],

    "require-from-string": ["require-from-string@2.0.2", "", {}, "sha512-Xf0nWe6RseziFMu+Ap9biiUbmplq6S9/p+7w7YXP/JBHhrUDDUhwa+vANyubuqfZWTveU//DYVGsDG7RKL/vEw=="],

    "rollup": ["rollup@4.53.1", "", { "dependencies": { "@types/estree": "1.0.8" }, "optionalDependencies": { "@rollup/rollup-android-arm-eabi": "4.53.1", "@rollup/rollup-android-arm64": "4.53.1", "@rollup/rollup-darwin-arm64": "4.53.1", "@rollup/rollup-darwin-x64": "4.53.1", "@rollup/rollup-freebsd-arm64": "4.53.1", "@rollup/rollup-freebsd-x64": "4.53.1", "@rollup/rollup-linux-arm-gnueabihf": "4.53.1", "@rollup/rollup-linux-arm-musleabihf": "4.53.1", "@rollup/rollup-linux-arm64-gnu": "4.53.1", "@rollup/rollup-linux-arm64-musl": "4.53.1", "@rollup/rollup-linux-loong64-gnu": "4.53.1", "@rollup/rollup-linux-ppc64-gnu": "4.53.1", "@rollup/rollup-linux-riscv64-gnu": "4.53.1", "@rollup/rollup-linux-riscv64-musl": "4.53.1", "@rollup/rollup-linux-s390x-gnu": "4.53.1", "@rollup/rollup-linux-x64-gnu": "4.53.1", "@rollup/rollup-linux-x64-musl": "4.53.1", "@rollup/rollup-openharmony-arm64": "4.53.1", "@rollup/rollup-win32-arm64-msvc": "4.53.1", "@rollup/rollup-win32-ia32-msvc": "4.53.1", "@rollup/rollup-win32-x64-gnu": "4.53.1", "@rollup/rollup-win32-x64-msvc": "4.53.1", "fsevents": "~2.3.2" }, "bin": "dist/bin/rollup" }, "sha512-n2I0V0lN3E9cxxMqBCT3opWOiQBzRN7UG60z/WDKqdX2zHUS/39lezBcsckZFsV6fUTSnfqI7kHf60jDAPGKug=="],

    "safer-buffer": ["safer-buffer@2.1.2", "", {}, "sha512-YZo3K82SD7Riyi0E1EQPojLz7kpepnSQI9IyPbHHg1XXXevb5dJI7tpyN2ADxGcQbHG7vcyRHk0cbwqcQriUtg=="],

    "saxes": ["saxes@6.0.0", "", { "dependencies": { "xmlchars": "^2.2.0" } }, "sha512-xAg7SOnEhrm5zI3puOOKyy1OMcMlIJZYNJY7xLBwSze0UjhPLnWfj2GF2EpT0jmzaJKIWKHLsaSSajf35bcYnA=="],

    "siginfo": ["siginfo@2.0.0", "", {}, "sha512-ybx0WO1/8bSBLEWXZvEd7gMW3Sn3JFlW3TvX1nREbDLRNQNaeNN8WK0meBwPdAaOI7TtRRRJn/Es1zhrrCHu7g=="],

    "source-map-js": ["source-map-js@1.2.1", "", {}, "sha512-UXWMKhLOwVKb728IUtQPXxfYU+usdybtUrK/8uGE8CQMvrhOpwvzDBwj0QhSL7MQc7vIsISBG8VQ8+IDQxpfQA=="],

    "stackback": ["stackback@0.0.2", "", {}, "sha512-1XMJE5fQo1jGH6Y/7ebnwPOBEkIEnT4QF32d5R1+VXdXveM0IBMJt8zfaxX1P3QhVwrYe+576+jkANtSS2mBbw=="],

    "std-env": ["std-env@3.10.0", "", {}, "sha512-5GS12FdOZNliM5mAOxFRg7Ir0pWz8MdpYm6AY6VPkGpbA7ZzmbzNcBJQ0GPvvyWgcY7QAhCgf9Uy89I03faLkg=="],

    "symbol-tree": ["symbol-tree@3.2.4", "", {}, "sha512-9QNk5KwDF+Bvz+PyObkmSYjI5ksVUYtjW7AU22r2NKcfLJcXp96hkDWU3+XndOsUb+AQ9QhfzfCT2O+CNWT5Tw=="],

    "tailwindcss": ["tailwindcss@4.1.17", "", {}, "sha512-j9Ee2YjuQqYT9bbRTfTZht9W/ytp5H+jJpZKiYdP/bpnXARAuELt9ofP0lPnmHjbga7SNQIxdTAXCmtKVYjN+Q=="],

    "tapable": ["tapable@2.3.0", "", {}, "sha512-g9ljZiwki/LfxmQADO3dEY1CbpmXT5Hm2fJ+QaGKwSXUylMybePR7/67YW7jOrrvjEgL1Fmz5kzyAjWVWLlucg=="],

    "tinybench": ["tinybench@2.9.0", "", {}, "sha512-0+DUvqWMValLmha6lr4kD8iAMK1HzV0/aKnCtWb9v9641TnP/MFb7Pc2bxoxQjTXAErryXVgUOfv2YqNllqGeg=="],

    "tinyexec": ["tinyexec@0.3.2", "", {}, "sha512-KQQR9yN7R5+OSwaK0XQoj22pwHoTlgYqmUscPYoknOoWCWfj/5/ABTMRi69FrKU5ffPVh5QcFikpWJI/P1ocHA=="],

    "tinyglobby": ["tinyglobby@0.2.15", "", { "dependencies": { "fdir": "^6.5.0", "picomatch": "^4.0.3" } }, "sha512-j2Zq4NyQYG5XMST4cbs02Ak8iJUdxRM0XI5QyxXuZOzKOINmWurp3smXu3y5wDcJrptwpSjgXHzIQxR0omXljQ=="],

    "tinyrainbow": ["tinyrainbow@3.0.3", "", {}, "sha512-PSkbLUoxOFRzJYjjxHJt9xro7D+iilgMX/C9lawzVuYiIdcihh9DXmVibBe8lmcFrRi/VzlPjBxbN7rH24q8/Q=="],

    "tldts": ["tldts@7.0.17", "", { "dependencies": { "tldts-core": "^7.0.17" }, "bin": "bin/cli.js" }, "sha512-Y1KQBgDd/NUc+LfOtKS6mNsC9CCaH+m2P1RoIZy7RAPo3C3/t8X45+zgut31cRZtZ3xKPjfn3TkGTrctC2TQIQ=="],

    "tldts-core": ["tldts-core@7.0.17", "", {}, "sha512-DieYoGrP78PWKsrXr8MZwtQ7GLCUeLxihtjC1jZsW1DnvSMdKPitJSe8OSYDM2u5H6g3kWJZpePqkp43TfLh0g=="],

    "tough-cookie": ["tough-cookie@6.0.0", "", { "dependencies": { "tldts": "^7.0.5" } }, "sha512-kXuRi1mtaKMrsLUxz3sQYvVl37B0Ns6MzfrtV5DvJceE9bPyspOqk9xxv7XbZWcfLWbFmm997vl83qUWVJA64w=="],

    "tr46": ["tr46@6.0.0", "", { "dependencies": { "punycode": "^2.3.1" } }, "sha512-bLVMLPtstlZ4iMQHpFHTR7GAGj2jxi8Dg0s2h2MafAE4uSWF98FC/3MomU51iQAMf8/qDUbKWf5GxuvvVcXEhw=="],

    "typescript": ["typescript@5.9.3", "", { "bin": { "tsc": "bin/tsc", "tsserver": "bin/tsserver" } }, "sha512-jl1vZzPDinLr9eUt3J/t7V6FgNEw9QjvBPdysz9KfQDD41fQrC2Y4vKQdiaUpFT4bXlb1RHhLpp8wtm6M5TgSw=="],

    "vite": ["vite@7.2.2", "", { "dependencies": { "esbuild": "^0.25.0", "fdir": "^6.5.0", "picomatch": "^4.0.3", "postcss": "^8.5.6", "rollup": "^4.43.0", "tinyglobby": "^0.2.15" }, "optionalDependencies": { "fsevents": "~2.3.3" }, "peerDependencies": { "@types/node": "^20.19.0 || >=22.12.0", "jiti": ">=1.21.0", "less": "^4.0.0", "lightningcss": "^1.21.0", "sass": "^1.70.0", "sass-embedded": "^1.70.0", "stylus": ">=0.54.8", "sugarss": "^5.0.0", "terser": "^5.16.0", "tsx": "^4.8.1", "yaml": "^2.4.2" }, "optionalPeers": ["@types/node", "jiti", "less", "lightningcss", "sass", "sass-embedded", "stylus", "sugarss", "terser", "tsx", "yaml"], "bin": { "vite": "bin/vite.js" } }, "sha512-BxAKBWmIbrDgrokdGZH1IgkIk/5mMHDreLDmCJ0qpyJaAteP8NvMhkwr/ZCQNqNH97bw/dANTE9PDzqwJghfMQ=="],

    "vitest": ["vitest@4.0.8", "", { "dependencies": { "@vitest/expect": "4.0.8", "@vitest/mocker": "4.0.8", "@vitest/pretty-format": "4.0.8", "@vitest/runner": "4.0.8", "@vitest/snapshot": "4.0.8", "@vitest/spy": "4.0.8", "@vitest/utils": "4.0.8", "debug": "^4.4.3", "es-module-lexer": "^1.7.0", "expect-type": "^1.2.2", "magic-string": "^0.30.21", "pathe": "^2.0.3", "picomatch": "^4.0.3", "std-env": "^3.10.0", "tinybench": "^2.9.0", "tinyexec": "^0.3.2", "tinyglobby": "^0.2.15", "tinyrainbow": "^3.0.3", "vite": "^6.0.0 || ^7.0.0", "why-is-node-running": "^2.3.0" }, "peerDependencies": { "@edge-runtime/vm": "*", "@types/debug": "^4.1.12", "@types/node": "^20.0.0 || ^22.0.0 || >=24.0.0", "@vitest/browser-playwright": "4.0.8", "@vitest/browser-preview": "4.0.8", "@vitest/browser-webdriverio": "4.0.8", "@vitest/ui": "4.0.8", "happy-dom": "*", "jsdom": "*" }, "optionalPeers": ["@edge-runtime/vm", "@types/debug", "@types/node", "@vitest/browser-playwright", "@vitest/browser-preview", "@vitest/browser-webdriverio", "@vitest/ui", "happy-dom"], "bin": "vitest.mjs" }, "sha512-urzu3NCEV0Qa0Y2PwvBtRgmNtxhj5t5ULw7cuKhIHh3OrkKTLlut0lnBOv9qe5OvbkMH2g38G7KPDCTpIytBVg=="],

    "vue": ["vue@3.5.24", "", { "dependencies": { "@vue/compiler-dom": "3.5.24", "@vue/compiler-sfc": "3.5.24", "@vue/runtime-dom": "3.5.24", "@vue/server-renderer": "3.5.24", "@vue/shared": "3.5.24" }, "peerDependencies": { "typescript": "*" }, "optionalPeers": ["typescript"] }, "sha512-uTHDOpVQTMjcGgrqFPSb8iO2m1DUvo+WbGqoXQz8Y1CeBYQ0FXf2z1gLRaBtHjlRz7zZUBHxjVB5VTLzYkvftg=="],

    "w3c-xmlserializer": ["w3c-xmlserializer@5.0.0", "", { "dependencies": { "xml-name-validator": "^5.0.0" } }, "sha512-o8qghlI8NZHU1lLPrpi2+Uq7abh4GGPpYANlalzWxyWteJOCsr/P+oPBA49TOLu5FTZO4d3F9MnWJfiMo4BkmA=="],

    "webidl-conversions": ["webidl-conversions@8.0.0", "", {}, "sha512-n4W4YFyz5JzOfQeA8oN7dUYpR+MBP3PIUsn2jLjWXwK5ASUzt0Jc/A5sAUZoCYFJRGF0FBKJ+1JjN43rNdsQzA=="],

    "whatwg-encoding": ["whatwg-encoding@3.1.1", "", { "dependencies": { "iconv-lite": "0.6.3" } }, "sha512-6qN4hJdMwfYBtE3YBTTHhoeuUrDBPZmbQaxWAqSALV/MeEnR5z1xd8UKud2RAkFoPkmB+hli1TZSnyi84xz1vQ=="],

    "whatwg-mimetype": ["whatwg-mimetype@4.0.0", "", {}, "sha512-QaKxh0eNIi2mE9p2vEdzfagOKHCcj1pJ56EEHGQOVxp8r9/iszLUUV7v89x9O1p/T+NlTM5W7jW6+cz4Fq1YVg=="],

    "whatwg-url": ["whatwg-url@15.1.0", "", { "dependencies": { "tr46": "^6.0.0", "webidl-conversions": "^8.0.0" } }, "sha512-2ytDk0kiEj/yu90JOAp44PVPUkO9+jVhyf+SybKlRHSDlvOOZhdPIrr7xTH64l4WixO2cP+wQIcgujkGBPPz6g=="],

    "why-is-node-running": ["why-is-node-running@2.3.0", "", { "dependencies": { "siginfo": "^2.0.0", "stackback": "0.0.2" }, "bin": "cli.js" }, "sha512-hUrmaWBdVDcxvYqnyh09zunKzROWjbZTiNy8dBEjkS7ehEDQibXJ7XvlmtbwuTclUiIyN+CyXQD4Vmko8fNm8w=="],

    "ws": ["ws@8.18.3", "", { "peerDependencies": { "bufferutil": "^4.0.1", "utf-8-validate": ">=5.0.2" }, "optionalPeers": ["bufferutil", "utf-8-validate"] }, "sha512-PEIGCY5tSlUt50cqyMXfCzX+oOPqN0vuGqWzbcJ2xvnkzkq46oOpz7dQaTDBdfICb4N14+GARUDw2XV2N4tvzg=="],

    "xml-name-validator": ["xml-name-validator@5.0.0", "", {}, "sha512-EvGK8EJ3DhaHfbRlETOWAS5pO9MZITeauHKJyb8wyajUfQUenkIg2MvLDTZ4T/TgIcm3HU0TFBgWWboAZ30UHg=="],

    "xmlchars": ["xmlchars@2.2.0", "", {}, "sha512-JZnDKK8B0RCDw84FNdDAIpZK+JuJw+s7Lz8nksI7SIuU3UXJJslUthsi+uWBUYOwPFwW7W7PRLRfUKpxjtjFCw=="],

    "yaml": ["yaml@2.7.0", "", { "bin": "bin.mjs" }, "sha512-+hSoy/QHluxmC9kCIJyL/uyFmLmc+e5CFR5Wa+bpIhIj85LVb9ZH2nVnqrHoSvKogwODv0ClqZkmiSSaIH5LTA=="],

    "@tailwindcss/node/jiti": ["jiti@2.6.1", "", { "bin": { "jiti": "lib/jiti-cli.mjs" } }, "sha512-ekilCSN1jwRvIbgeg/57YFh8qQDNbwDb9xT/qu2DAHbFFZUicIl4ygVaAvzveMhMVr3LnpSKTNnwt8PoOfmKhQ=="],

    "@tailwindcss/oxide-wasm32-wasi/@emnapi/core": ["@emnapi/core@1.7.0", "", { "dependencies": { "@emnapi/wasi-threads": "1.1.0", "tslib": "^2.4.0" }, "bundled": true }, "sha512-pJdKGq/1iquWYtv1RRSljZklxHCOCAJFJrImO5ZLKPJVJlVUcs8yFwNQlqS0Lo8xT1VAXXTCZocF9n26FWEKsw=="],

    "@tailwindcss/oxide-wasm32-wasi/@emnapi/runtime": ["@emnapi/runtime@1.7.0", "", { "dependencies": { "tslib": "^2.4.0" }, "bundled": true }, "sha512-oAYoQnCYaQZKVS53Fq23ceWMRxq5EhQsE0x0RdQ55jT7wagMu5k+fS39v1fiSLrtrLQlXwVINenqhLMtTrV/1Q=="],

    "@tailwindcss/oxide-wasm32-wasi/@emnapi/wasi-threads": ["@emnapi/wasi-threads@1.1.0", "", { "dependencies": { "tslib": "^2.4.0" }, "bundled": true }, "sha512-WI0DdZ8xFSbgMjR1sFsKABJ/C5OnRrjT06JXbZKexJGrDuPTzZdDYfFlsgcCXCyf+suG5QU2e/y1Wo2V/OapLQ=="],

    "@tailwindcss/oxide-wasm32-wasi/@napi-rs/wasm-runtime": ["@napi-rs/wasm-runtime@1.0.7", "", { "dependencies": { "@emnapi/core": "^1.5.0", "@emnapi/runtime": "^1.5.0", "@tybys/wasm-util": "^0.10.1" }, "bundled": true }, "sha512-SeDnOO0Tk7Okiq6DbXmmBODgOAb9dp9gjlphokTUxmt8U3liIP1ZsozBahH69j/RJv+Rfs6IwUKHTgQYJ/HBAw=="],

    "@tailwindcss/oxide-wasm32-wasi/@tybys/wasm-util": ["@tybys/wasm-util@0.10.1", "", { "dependencies": { "tslib": "^2.4.0" }, "bundled": true }, "sha512-9tTaPJLSiejZKx+Bmog4uSubteqTvFrVrURwkmHixBo0G4seD0zUxp98E1DzUBJxLQ3NPwXrGKDiVjwx/DpPsg=="],

    "@tailwindcss/oxide-wasm32-wasi/tslib": ["tslib@2.8.1", "", { "bundled": true }, "sha512-oJFu94HQb+KVduSUQL7wnpmqnfmLsOA/nAh6b6EH0wCEoK0/mPeXU6c3wKDV83MkOuHPRHtSXKKU99IBazS/2w=="],

    "@vitest/mocker/estree-walker": ["estree-walker@3.0.3", "", { "dependencies": { "@types/estree": "^1.0.0" } }, "sha512-7RUKfXgSMMkzt6ZuXmqapOurLGPPfgj6l9uRZ7lRGolvk0y2yocc35LdcxKC5PQZdn2DMqioAQ2NoWcrTKmm6g=="],

    "parse5/entities": ["entities@6.0.1", "", {}, "sha512-aN97NXWF6AWBTahfVOIrB/NShkzi5H7F9r1s9mD3cDj4Ko5f2qhhVoYMibXF7GlLveb/D2ioWay8lxI97Ven3g=="],

    "vitest/vite": ["vite@6.4.1", "", { "dependencies": { "esbuild": "^0.25.0", "fdir": "^6.4.4", "picomatch": "^4.0.2", "postcss": "^8.5.3", "rollup": "^4.34.9", "tinyglobby": "^0.2.13" }, "optionalDependencies": { "fsevents": "~2.3.3" }, "peerDependencies": { "@types/node": "^18.0.0 || ^20.0.0 || >=22.0.0", "jiti": ">=1.21.0", "less": "*", "lightningcss": "^1.21.0", "sass": "*", "sass-embedded": "*", "stylus": "*", "sugarss": "*", "terser": "^5.16.0", "tsx": "^4.8.1", "yaml": "^2.4.2" }, "optionalPeers": ["@types/node", "less", "lightningcss", "sass", "sass-embedded", "stylus", "sugarss", "terser", "tsx"], "bin": "bin/vite.js" }, "sha512-+Oxm7q9hDoLMyJOYfUYBuHQo+dkAloi33apOPP56pzj+vsdJDzr+j1NISE5pyaAuKL4A3UD34qd0lx5+kfKp2g=="],
  }
}
